Microsoft Visual Studio Solution File, Format Version 12.00
# Visual Studio Version 17
VisualStudioVersion = 17.5.2.0
MinimumVisualStudioVersion = 10.0.40219.1
Project("{FAE04EC0-301F-11D3-BF4B-00C04F79EFBC}") = "Web_QLKhachSan", "Web_QLKhachSan.csproj", "{147D6302-7587-D718-6121-16834E8EC69B}"
EndProject
Global
	GlobalSection(SolutionConfigurationPlatforms) = preSolution
		Debug|Any CPU = Debug|Any CPU
		Release|Any CPU = Release|Any CPU
	EndGlobalSection
	GlobalSection(ProjectConfigurationPlatforms) = postSolution
		{147D6302-7587-D718-6121-16834E8EC69B}.Debug|Any CPU.ActiveCfg = Debug|Any CPU
		{147D6302-7587-D718-6121-16834E8EC69B}.Debug|Any CPU.Build.0 = Debug|Any CPU
		{147D6302-7587-D718-6121-16834E8EC69B}.Release|Any CPU.ActiveCfg = Release|Any CPU
		{147D6302-7587-D718-6121-16834E8EC69B}.Release|Any CPU.Build.0 = Release|Any CPU
	EndGlobalSection
	GlobalSection(SolutionProperties) = preSolution
		HideSolutionNode = FALSE
	EndGlobalSection
	GlobalSection(ExtensibilityGlobals) = postSolution
		SolutionGuid = {4922DD5A-EB62-4EDC-A5E5-23A2E6C36358}
	EndGlobalSection
EndGlobal
